// !$*UTF8*$!
{
	archiveVersion = 1;
	classes = {
	};
	objectVersion = 56;
	objects = {

/* Begin PBXBuildFile section */
		134128922A49F03A00A3477B /* LittleLemonDinnerAppApp.swift in Sources */ = {isa = PBXBuildFile; fileRef = 134128912A49F03A00A3477B /* LittleLemonDinnerAppApp.swift */; };
		134128942A49F03A00A3477B /* ContentView.swift in Sources */ = {isa = PBXBuildFile; fileRef = 134128932A49F03A00A3477B /* ContentView.swift */; };
		134128962A49F03C00A3477B /* Assets.xcassets in Resources */ = {isa = PBXBuildFile; fileRef = 134128952A49F03C00A3477B /* Assets.xcassets */; };
		134128992A49F03C00A3477B /* Preview Assets.xcassets in Resources */ = {isa = PBXBuildFile; fileRef = 134128982A49F03C00A3477B /* Preview Assets.xcassets */; };
		134128A32A49F03D00A3477B /* LittleLemonDinnerAppTests.swift in Sources */ = {isa = PBXBuildFile; fileRef = 134128A22A49F03D00A3477B /* LittleLemonDinnerAppTests.swift */; };
		134128AD2A49F03D00A3477B /* LittleLemonDinnerAppUITests.swift in Sources */ = {isa = PBXBuildFile; fileRef = 134128AC2A49F03D00A3477B /* LittleLemonDinnerAppUITests.swift */; };
		134128AF2A49F03D00A3477B /* LittleLemonDinnerAppUITestsLaunchTests.swift in Sources */ = {isa = PBXBuildFile; fileRef = 134128AE2A49F03D00A3477B /* LittleLemonDinnerAppUITestsLaunchTests.swift */; };
/* End PBXBuildFile section */

/* Begin PBXContainerItemProxy section */
		1341289F2A49F03D00A3477B /* PBXContainerItemProxy */ = {
			isa = PBXContainerItemProxy;
			containerPortal = 134128862A49F03A00A3477B /* Project object */;
			proxyType = 1;
			remoteGlobalIDString = 1341288D2A49F03A00A3477B;
			remoteInfo = LittleLemonDinnerApp;
		};
		134128A92A49F03D00A3477B /* PBXContainerItemProxy */ = {
			isa = PBXContainerItemProxy;
			containerPortal = 134128862A49F03A00A3477B /* Project object */;
			proxyType = 1;
			remoteGlobalIDString = 1341288D2A49F03A00A3477B;
			remoteInfo = LittleLemonDinnerApp;
		};
/* End PBXContainerItemProxy section */

/* Begin PBXFileReference section */
		1341288E2A49F03A00A3477B /* LittleLemonDinnerApp.app */ = {isa = PBXFileReference; explicitFileType = wrapper.application; includeInIndex = 0; path = LittleLemonDinnerApp.app; sourceTree = BUILT_PRODUCTS_DIR; };
		134128912A49F03A00A3477B /* LittleLemonDinnerAppApp.swift */ = {isa = PBXFileReference; lastKnownFileType = sourcecode.swift; path = LittleLemonDinnerAppApp.swift; sourceTree = "<group>"; };
		134128932A49F03A00A3477B /* ContentView.swift */ = {isa = PBXFileReference; lastKnownFileType = sourcecode.swift; path = ContentView.swift; sourceTree = "<group>"; };
		134128952A49F03C00A3477B /* Assets.xcassets */ = {isa = PBXFileReference; lastKnownFileType = folder.assetcatalog; path = Assets.xcassets; sourceTree = "<group>"; };
		134128982A49F03C00A3477B /* Preview Assets.xcassets */ = {isa = PBXFileReference; lastKnownFileType = folder.assetcatalog; path = "Preview Assets.xcassets"; sourceTree = "<group>"; };
		1341289E2A49F03D00A3477B /* LittleLemonDinnerAppTests.xctest */ = {isa = PBXFileReference; explicitFileType = wrapper.cfbundle; includeInIndex = 0; path = LittleLemonDinnerAppTests.xctest; sourceTree = BUILT_PRODUCTS_DIR; };
		134128A22A49F03D00A3477B /* LittleLemonDinnerAppTests.swift */ = {isa = PBXFileReference; lastKnownFileType = sourcecode.swift; path = LittleLemonDinnerAppTests.swift; sourceTree = "<group>"; };
		134128A82A49F03D00A3477B /* LittleLemonDinnerAppUITests.xctest */ = {isa = PBXFileReference; explicitFileType = wrapper.cfbundle; includeInIndex = 0; path = LittleLemonDinnerAppUITests.xctest; sourceTree = BUILT_PRODUCTS_DIR; };
		134128AC2A49F03D00A3477B /* LittleLemonDinnerAppUITests.swift */ = {isa = PBXFileReference; lastKnownFileType = sourcecode.swift; path = LittleLemonDinnerAppUITests.swift; sourceTree = "<group>"; };
		134128AE2A49F03D00A3477B /* LittleLemonDinnerAppUITestsLaunchTests.swift */ = {isa = PBXFileReference; lastKnownFileType = sourcecode.swift; path = LittleLemonDinnerAppUITestsLaunchTests.swift; sourceTree = "<group>"; };
/* End PBXFileReference section */

/* Begin PBXFrameworksBuildPhase section */
		1341288B2A49F03A00A3477B /* Frameworks */ = {
			isa = PBXFrameworksBuildPhase;
			buildActionMask = 2147483647;
			files = (
			);
			runOnlyForDeploymentPostprocessing = 0;
		};
		1341289B2A49F03D00A3477B /* Frameworks */ = {
			isa = PBXFrameworksBuildPhase;
			buildActionMask = 2147483647;
			files = (
			);
			runOnlyForDeploymentPostprocessing = 0;
		};
		134128A52A49F03D00A3477B /* Frameworks */ = {
			isa = PBXFrameworksBuildPhase;
			buildActionMask = 2147483647;
			files = (
			);
			runOnlyForDeploymentPostprocessing = 0;
		};
/* End PBXFrameworksBuildPhase section */

/* Begin PBXGroup section */
		134128852A49F03A00A3477B = {
			isa = PBXGroup;
			children = (
				134128902A49F03A00A3477B /* LittleLemonDinnerApp */,
				134128A12A49F03D00A3477B /* LittleLemonDinnerAppTests */,
				134128AB2A49F03D00A3477B /* LittleLemonDinnerAppUITests */,
				1341288F2A49F03A00A3477B /* Products */,
			);
			sourceTree = "<group>";
		};
		1341288F2A49F03A00A3477B /* Products */ = {
			isa = PBXGroup;
			children = (
				1341288E2A49F03A00A3477B /* LittleLemonDinnerApp.app */,
				1341289E2A49F03D00A3477B /* LittleLemonDinnerAppTests.xctest */,
				134128A82A49F03D00A3477B /* LittleLemonDinnerAppUITests.xctest */,
			);
			name = Products;
			sourceTree = "<group>";
		};
		134128902A49F03A00A3477B /* LittleLemonDinnerApp */ = {
			isa = PBXGroup;
			children = (
				134128912A49F03A00A3477B /* LittleLemonDinnerAppApp.swift */,
				134128932A49F03A00A3477B /* ContentView.swift */,
				134128952A49F03C00A3477B /* Assets.xcassets */,
				134128972A49F03C00A3477B /* Preview Content */,
			);
			path = LittleLemonDinnerApp;
			sourceTree = "<group>";
		};
		134128972A49F03C00A3477B /* Preview Content */ = {
			isa = PBXGroup;
			children = (
				134128982A49F03C00A3477B /* Preview Assets.xcassets */,
			);
			path = "Preview Content";
			sourceTree = "<group>";
		};
		134128A12A49F03D00A3477B /* LittleLemonDinnerAppTests */ = {
			isa = PBXGroup;
			children = (
				134128A22A49F03D00A3477B /* LittleLemonDinnerAppTests.swift */,
			);
			path = LittleLemonDinnerAppTests;
			sourceTree = "<group>";
		};
		134128AB2A49F03D00A3477B /* LittleLemonDinnerAppUITests */ = {
			isa = PBXGroup;
			children = (
				134128AC2A49F03D00A3477B /* LittleLemonDinnerAppUITests.swift */,
				134128AE2A49F03D00A3477B /* LittleLemonDinnerAppUITestsLaunchTests.swift */,
			);
			path = LittleLemonDinnerAppUITests;
			sourceTree = "<group>";
		};
/* End PBXGroup section */

/* Begin PBXNativeTarget section */
		1341288D2A49F03A00A3477B /* LittleLemonDinnerApp */ = {
			isa = PBXNativeTarget;
			buildConfigurationList = 134128B22A49F03D00A3477B /* Build configuration list for PBXNativeTarget "LittleLemonDinnerApp" */;
			buildPhases = (
				1341288A2A49F03A00A3477B /* Sources */,
				1341288B2A49F03A00A3477B /* Frameworks */,
				1341288C2A49F03A00A3477B /* Resources */,
			);
			buildRules = (
			);
			dependencies = (
			);
			name = LittleLemonDinnerApp;
			productName = LittleLemonDinnerApp;
			productReference = 1341288E2A49F03A00A3477B /* LittleLemonDinnerApp.app */;
			productType = "com.apple.product-type.application";
		};
		1341289D2A49F03D00A3477B /* LittleLemonDinnerAppTests */ = {
			isa = PBXNativeTarget;
			buildConfigurationList = 134128B52A49F03D00A3477B /* Build configuration list for PBXNativeTarget "LittleLemonDinnerAppTests" */;
			buildPhases = (
				1341289A2A49F03D00A3477B /* Sources */,
				1341289B2A49F03D00A3477B /* Frameworks */,
				1341289C2A49F03D00A3477B /* Resources */,
			);
			buildRules = (
			);
			dependencies = (
				134128A02A49F03D00A3477B /* PBXTargetDependency */,
			);
			name = LittleLemonDinnerAppTests;
			productName = LittleLemonDinnerAppTests;
			productReference = 1341289E2A49F03D00A3477B /* LittleLemonDinnerAppTests.xctest */;
			productType = "com.apple.product-type.bundle.unit-test";
		};
		134128A72A49F03D00A3477B /* LittleLemonDinnerAppUITests */ = {
			isa = PBXNativeTarget;
			buildConfigurationList = 134128B82A49F03D00A3477B /* Build configuration list for PBXNativeTarget "LittleLemonDinnerAppUITests" */;
			buildPhases = (
				134128A42A49F03D00A3477B /* Sources */,
				134128A52A49F03D00A3477B /* Frameworks */,
				134128A62A49F03D00A3477B /* Resources */,
			);
			buildRules = (
			);
			dependencies = (
				134128AA2A49F03D00A3477B /* PBXTargetDependency */,
			);
			name = LittleLemonDinnerAppUITests;
			productName = LittleLemonDinnerAppUITests;
			productReference = 134128A82A49F03D00A3477B /* LittleLemonDinnerAppUITests.xctest */;
			productType = "com.apple.product-type.bundle.ui-testing";
		};
/* End PBXNativeTarget section */

/* Begin PBXProject section */
		134128862A49F03A00A3477B /* Project object */ = {
			isa = PBXProject;
			attributes = {
				BuildIndependentTargetsInParallel = 1;
				LastSwiftUpdateCheck = 1420;
				LastUpgradeCheck = 1420;
				TargetAttributes = {
					1341288D2A49F03A00A3477B = {
						CreatedOnToolsVersion = 14.2;
					};
					1341289D2A49F03D00A3477B = {
						CreatedOnToolsVersion = 14.2;
						TestTargetID = 1341288D2A49F03A00A3477B;
					};
					134128A72A49F03D00A3477B = {
						CreatedOnToolsVersion = 14.2;
						TestTargetID = 1341288D2A49F03A00A3477B;
					};
				};
			};
			buildConfigurationList = 134128892A49F03A00A3477B /* Build configuration list for PBXProject "LittleLemonDinnerApp" */;
			compatibilityVersion = "Xcode 14.0";
			developmentRegion = en;
			hasScannedForEncodings = 0;
			knownRegions = (
				en,
				Base,
			);
			mainGroup = 134128852A49F03A00A3477B;
			productRefGroup = 1341288F2A49F03A00A3477B /* Products */;
			projectDirPath = "";
			projectRoot = "";
			targets = (
				1341288D2A49F03A00A3477B /* LittleLemonDinnerApp */,
				1341289D2A49F03D00A3477B /* LittleLemonDinnerAppTests */,
				134128A72A49F03D00A3477B /* LittleLemonDinnerAppUITests */,
			);
		};
/* End PBXProject section */

/* Begin PBXResourcesBuildPhase section */
		1341288C2A49F03A00A3477B /* Resources */ = {
			isa = PBXResourcesBuildPhase;
			buildActionMask = 2147483647;
			files = (
				134128992A49F03C00A3477B /* Preview Assets.xcassets in Resources */,
				134128962A49F03C00A3477B /* Assets.xcassets in Resources */,
			);
			runOnlyForDeploymentPostprocessing = 0;
		};
		1341289C2A49F03D00A3477B /* Resources */ = {
			isa = PBXResourcesBuildPhase;
			buildActionMask = 2147483647;
			files = (
			);
			runOnlyForDeploymentPostprocessing = 0;
		};
		134128A62A49F03D00A3477B /* Resources */ = {
			isa = PBXResourcesBuildPhase;
			buildActionMask = 2147483647;
			files = (
			);
			runOnlyForDeploymentPostprocessing = 0;
		};
/* End PBXResourcesBuildPhase section */

/* Begin PBXSourcesBuildPhase section */
		1341288A2A49F03A00A3477B /* Sources */ = {
			isa = PBXSourcesBuildPhase;
			buildActionMask = 2147483647;
			files = (
				134128942A49F03A00A3477B /* ContentView.swift in Sources */,
				134128922A49F03A00A3477B /* LittleLemonDinnerAppApp.swift in Sources */,
			);
			runOnlyForDeploymentPostprocessing = 0;
		};
		1341289A2A49F03D00A3477B /* Sources */ = {
			isa = PBXSourcesBuildPhase;
			buildActionMask = 2147483647;
			files = (
				134128A32A49F03D00A3477B /* LittleLemonDinnerAppTests.swift in Sources */,
			);
			runOnlyForDeploymentPostprocessing = 0;
		};
		134128A42A49F03D00A3477B /* Sources */ = {
			isa = PBXSourcesBuildPhase;
			buildActionMask = 2147483647;
			files = (
				134128AF2A49F03D00A3477B /* LittleLemonDinnerAppUITestsLaunchTests.swift in Sources */,
				134128AD2A49F03D00A3477B /* LittleLemonDinnerAppUITests.swift in Sources */,
			);
			runOnlyForDeploymentPostprocessing = 0;
		};
/* End PBXSourcesBuildPhase section */

/* Begin PBXTargetDependency section */
		134128A02A49F03D00A3477B /* PBXTargetDependency */ = {
			isa = PBXTargetDependency;
			target = 1341288D2A49F03A00A3477B /* LittleLemonDinnerApp */;
			targetProxy = 1341289F2A49F03D00A3477B /* PBXContainerItemProxy */;
		};
		134128AA2A49F03D00A3477B /* PBXTargetDependency */ = {
			isa = PBXTargetDependency;
			target = 1341288D2A49F03A00A3477B /* LittleLemonDinnerApp */;
			targetProxy = 134128A92A49F03D00A3477B /* PBXContainerItemProxy */;
		};
/* End PBXTargetDependency section */

/* Begin XCBuildConfiguration section */
		134128B02A49F03D00A3477B /* Debug */ = {
			isa = XCBuildConfiguration;
			buildSettings = {
				ALWAYS_SEARCH_USER_PATHS = NO;
				CLANG_ANALYZER_NONNULL = YES;
				CLANG_ANALYZER_NUMBER_OBJECT_CONVERSION = YES_AGGRESSIVE;
				CLANG_CXX_LANGUAGE_STANDARD = "gnu++20";
				CLANG_ENABLE_MODULES = YES;
				CLANG_ENABLE_OBJC_ARC = YES;
				CLANG_ENABLE_OBJC_WEAK = YES;
				CLANG_WARN_BLOCK_CAPTURE_AUTORELEASING = YES;
				CLANG_WARN_BOOL_CONVERSION = YES;
				CLANG_WARN_COMMA = YES;
				CLANG_WARN_CONSTANT_CONVERSION = YES;
				CLANG_WARN_DEPRECATED_OBJC_IMPLEMENTATIONS = YES;
				CLANG_WARN_DIRECT_OBJC_ISA_USAGE = YES_ERROR;
				CLANG_WARN_DOCUMENTATION_COMMENTS = YES;
				CLANG_WARN_EMPTY_BODY = YES;
				CLANG_WARN_ENUM_CONVERSION = YES;
				CLANG_WARN_INFINITE_RECURSION = YES;
				CLANG_WARN_INT_CONVERSION = YES;
				CLANG_WARN_NON_LITERAL_NULL_CONVERSION = YES;
				CLANG_WARN_OBJC_IMPLICIT_RETAIN_SELF = YES;
				CLANG_WARN_OBJC_LITERAL_CONVERSION = YES;
				CLANG_WARN_OBJC_ROOT_CLASS = YES_ERROR;
				CLANG_WARN_QUOTED_INCLUDE_IN_FRAMEWORK_HEADER = YES;
				CLANG_WARN_RANGE_LOOP_ANALYSIS = YES;
				CLANG_WARN_STRICT_PROTOTYPES = YES;
				CLANG_WARN_SUSPICIOUS_MOVE = YES;
				CLANG_WARN_UNGUARDED_AVAILABILITY = YES_AGGRESSIVE;
				CLANG_WARN_UNREACHABLE_CODE = YES;
				CLANG_WARN__DUPLICATE_METHOD_MATCH = YES;
				COPY_PHASE_STRIP = NO;
				DEBUG_INFORMATION_FORMAT = dwarf;
				ENABLE_STRICT_OBJC_MSGSEND = YES;
				ENABLE_TESTABILITY = YES;
				GCC_C_LANGUAGE_STANDARD = gnu11;
				GCC_DYNAMIC_NO_PIC = NO;
				GCC_NO_COMMON_BLOCKS = YES;
				GCC_OPTIMIZATION_LEVEL = 0;
				GCC_PREPROCESSOR_DEFINITIONS = (
					"DEBUG=1",
					"$(inherited)",
				);
				GCC_WARN_64_TO_32_BIT_CONVERSION = YES;
				GCC_WARN_ABOUT_RETURN_TYPE = YES_ERROR;
				GCC_WARN_UNDECLARED_SELECTOR = YES;
				GCC_WARN_UNINITIALIZED_AUTOS = YES_AGGRESSIVE;
				GCC_WARN_UNUSED_FUNCTION = YES;
				GCC_WARN_UNUSED_VARIABLE = YES;
				IPHONEOS_DEPLOYMENT_TARGET = 16.2;
				MTL_ENABLE_DEBUG_INFO = INCLUDE_SOURCE;
				MTL_FAST_MATH = YES;
				ONLY_ACTIVE_ARCH = YES;
				SDKROOT = iphoneos;
				SWIFT_ACTIVE_COMPILATION_CONDITIONS = DEBUG;
				SWIFT_OPTIMIZATION_LEVEL = "-Onone";
			};
			name = Debug;
		};
		134128B12A49F03D00A3477B /* Release */ = {
			isa = XCBuildConfiguration;
			buildSettings = {
				ALWAYS_SEARCH_USER_PATHS = NO;
				CLANG_ANALYZER_NONNULL = YES;
				CLANG_ANALYZER_NUMBER_OBJECT_CONVERSION = YES_AGGRESSIVE;
				CLANG_CXX_LANGUAGE_STANDARD = "gnu++20";
				CLANG_ENABLE_MODULES = YES;
				CLANG_ENABLE_OBJC_ARC = YES;
				CLANG_ENABLE_OBJC_WEAK = YES;
				CLANG_WARN_BLOCK_CAPTURE_AUTORELEASING = YES;
				CLANG_WARN_BOOL_CONVERSION = YES;
				CLANG_WARN_COMMA = YES;
				CLANG_WARN_CONSTANT_CONVERSION = YES;
				CLANG_WARN_DEPRECATED_OBJC_IMPLEMENTATIONS = YES;
				CLANG_WARN_DIRECT_OBJC_ISA_USAGE = YES_ERROR;
				CLANG_WARN_DOCUMENTATION_COMMENTS = YES;
				CLANG_WARN_EMPTY_BODY = YES;
				CLANG_WARN_ENUM_CONVERSION = YES;
				CLANG_WARN_INFINITE_RECURSION = YES;
				CLANG_WARN_INT_CONVERSION = YES;
				CLANG_WARN_NON_LITERAL_NULL_CONVERSION = YES;
				CLANG_WARN_OBJC_IMPLICIT_RETAIN_SELF = YES;
				CLANG_WARN_OBJC_LITERAL_CONVERSION = YES;
				CLANG_WARN_OBJC_ROOT_CLASS = YES_ERROR;
				CLANG_WARN_QUOTED_INCLUDE_IN_FRAMEWORK_HEADER = YES;
				CLANG_WARN_RANGE_LOOP_ANALYSIS = YES;
				CLANG_WARN_STRICT_PROTOTYPES = YES;
				CLANG_WARN_SUSPICIOUS_MOVE = YES;
				CLANG_WARN_UNGUARDED_AVAILABILITY = YES_AGGRESSIVE;
				CLANG_WARN_UNREACHABLE_CODE = YES;
				CLANG_WARN__DUPLICATE_METHOD_MATCH = YES;
				COPY_PHASE_STRIP = NO;
				DEBUG_INFORMATION_FORMAT = "dwarf-with-dsym";
				ENABLE_NS_ASSERTIONS = NO;
				ENABLE_STRICT_OBJC_MSGSEND = YES;
				GCC_C_LANGUAGE_STANDARD = gnu11;
				GCC_NO_COMMON_BLOCKS = YES;
				GCC_WARN_64_TO_32_BIT_CONVERSION = YES;
				GCC_WARN_ABOUT_RETURN_TYPE = YES_ERROR;
				GCC_WARN_UNDECLARED_SELECTOR = YES;
				GCC_WARN_UNINITIALIZED_AUTOS = YES_AGGRESSIVE;
				GCC_WARN_UNUSED_FUNCTION = YES;
				GCC_WARN_UNUSED_VARIABLE = YES;
				IPHONEOS_DEPLOYMENT_TARGET = 16.2;
				MTL_ENABLE_DEBUG_INFO = NO;
				MTL_FAST_MATH = YES;
				SDKROOT = iphoneos;
				SWIFT_COMPILATION_MODE = wholemodule;
				SWIFT_OPTIMIZATION_LEVEL = "-O";
				VALIDATE_PRODUCT = YES;
			};
			name = Release;
		};
		134128B32A49F03D00A3477B /* Debug */ = {
			isa = XCBuildConfiguration;
			buildSettings = {
				ASSETCATALOG_COMPILER_APPICON_NAME = AppIcon;
				ASSETCATALOG_COMPILER_GLOBAL_ACCENT_COLOR_NAME = AccentColor;
				CODE_SIGN_STYLE = Automatic;
				CURRENT_PROJECT_VERSION = 1;
				DEVELOPMENT_ASSET_PATHS = "\"LittleLemonDinnerApp/Preview Content\"";
				DEVELOPMENT_TEAM = MD39TSXA7X;
				ENABLE_PREVIEWS = YES;
				GENERATE_INFOPLIST_FILE = YES;
				INFOPLIST_KEY_UIApplicationSceneManifest_Generation = YES;
				INFOPLIST_KEY_UIApplicationSupportsIndirectInputEvents = YES;
				INFOPLIST_KEY_UILaunchScreen_Generation = YES;
				INFOPLIST_KEY_UISupportedInterfaceOrientations_iPad = "UIInterfaceOrientationPortrait UIInterfaceOrientationPortraitUpsideDown UIInterfaceOrientationLandscapeLeft UIInterfaceOrientationLandscapeRight";
				INFOPLIST_KEY_UISupportedInterfaceOrientations_iPhone = "UIInterfaceOrientationPortrait UIInterfaceOrientationLandscapeLeft UIInterfaceOrientationLandscapeRight";
				LD_RUNPATH_SEARCH_PATHS = (
					"$(inherited)",
					"@executable_path/Frameworks",
				);
				MARKETING_VERSION = 1.0;
				PRODUCT_BUNDLE_IDENTIFIER = com.jamaldeenOpasina.LittleLemonDinnerApp;
				PRODUCT_NAME = "$(TARGET_NAME)";
				SWIFT_EMIT_LOC_STRINGS = YES;
				SWIFT_VERSION = 5.0;
				TARGETED_DEVICE_FAMILY = "1,2";
			};
			name = Debug;
		};
		134128B42A49F03D00A3477B /* Release */ = {
			isa = XCBuildConfiguration;
			buildSettings = {
				ASSETCATALOG_COMPILER_APPICON_NAME = AppIcon;
				ASSETCATALOG_COMPILER_GLOBAL_ACCENT_COLOR_NAME = AccentColor;
				CODE_SIGN_STYLE = Automatic;
				CURRENT_PROJECT_VERSION = 1;
				DEVELOPMENT_ASSET_PATHS = "\"LittleLemonDinnerApp/Preview Content\"";
				DEVELOPMENT_TEAM = MD39TSXA7X;
				ENABLE_PREVIEWS = YES;
				GENERATE_INFOPLIST_FILE = YES;
				INFOPLIST_KEY_UIApplicationSceneManifest_Generation = YES;
				INFOPLIST_KEY_UIApplicationSupportsIndirectInputEvents = YES;
				INFOPLIST_KEY_UILaunchScreen_Generation = YES;
				INFOPLIST_KEY_UISupportedInterfaceOrientations_iPad = "UIInterfaceOrientationPortrait UIInterfaceOrientationPortraitUpsideDown UIInterfaceOrientationLandscapeLeft UIInterfaceOrientationLandscapeRight";
				INFOPLIST_KEY_UISupportedInterfaceOrientations_iPhone = "UIInterfaceOrientationPortrait UIInterfaceOrientationLandscapeLeft UIInterfaceOrientationLandscapeRight";
				LD_RUNPATH_SEARCH_PATHS = (
					"$(inherited)",
					"@executable_path/Frameworks",
				);
				MARKETING_VERSION = 1.0;
				PRODUCT_BUNDLE_IDENTIFIER = com.jamaldeenOpasina.LittleLemonDinnerApp;
				PRODUCT_NAME = "$(TARGET_NAME)";
				SWIFT_EMIT_LOC_STRINGS = YES;
				SWIFT_VERSION = 5.0;
				TARGETED_DEVICE_FAMILY = "1,2";
			};
			name = Release;
		};
		134128B62A49F03D00A3477B /* Debug */ = {
			isa = XCBuildConfiguration;
			buildSettings = {
				ALWAYS_EMBED_SWIFT_STANDARD_LIBRARIES = YES;
				BUNDLE_LOADER = "$(TEST_HOST)";
				CODE_SIGN_STYLE = Automatic;
				CURRENT_PROJECT_VERSION = 1;
				DEVELOPMENT_TEAM = MD39TSXA7X;
				GENERATE_INFOPLIST_FILE = YES;
				IPHONEOS_DEPLOYMENT_TARGET = 16.2;
				MARKETING_VERSION = 1.0;
				PRODUCT_BUNDLE_IDENTIFIER = com.jamaldeenOpasina.LittleLemonDinnerAppTests;
				PRODUCT_NAME = "$(TARGET_NAME)";
				SWIFT_EMIT_LOC_STRINGS = NO;
				SWIFT_VERSION = 5.0;
				TARGETED_DEVICE_FAMILY = "1,2";
				TEST_HOST = "$(BUILT_PRODUCTS_DIR)/LittleLemonDinnerApp.app/$(BUNDLE_EXECUTABLE_FOLDER_PATH)/LittleLemonDinnerApp";
			};
			name = Debug;
		};
		134128B72A49F03D00A3477B /* Release */ = {
			isa = XCBuildConfiguration;
			buildSettings = {
				ALWAYS_EMBED_SWIFT_STANDARD_LIBRARIES = YES;
				BUNDLE_LOADER = "$(TEST_HOST)";
				CODE_SIGN_STYLE = Automatic;
				CURRENT_PROJECT_VERSION = 1;
				DEVELOPMENT_TEAM = MD39TSXA7X;
				GENERATE_INFOPLIST_FILE = YES;
				IPHONEOS_DEPLOYMENT_TARGET = 16.2;
				MARKETING_VERSION = 1.0;
				PRODUCT_BUNDLE_IDENTIFIER = com.jamaldeenOpasina.LittleLemonDinnerAppTests;
				PRODUCT_NAME = "$(TARGET_NAME)";
				SWIFT_EMIT_LOC_STRINGS = NO;
				SWIFT_VERSION = 5.0;
				TARGETED_DEVICE_FAMILY = "1,2";
				TEST_HOST = "$(BUILT_PRODUCTS_DIR)/LittleLemonDinnerApp.app/$(BUNDLE_EXECUTABLE_FOLDER_PATH)/LittleLemonDinnerApp";
			};
			name = Release;
		};
		134128B92A49F03D00A3477B /* Debug */ = {
			isa = XCBuildConfiguration;
			buildSettings = {
				ALWAYS_EMBED_SWIFT_STANDARD_LIBRARIES = YES;
				CODE_SIGN_STYLE = Automatic;
				CURRENT_PROJECT_VERSION = 1;
				DEVELOPMENT_TEAM = MD39TSXA7X;
				GENERATE_INFOPLIST_FILE = YES;
				MARKETING_VERSION = 1.0;
				PRODUCT_BUNDLE_IDENTIFIER = com.jamaldeenOpasina.LittleLemonDinnerAppUITests;
				PRODUCT_NAME = "$(TARGET_NAME)";
				SWIFT_EMIT_LOC_STRINGS = NO;
				SWIFT_VERSION = 5.0;
				TARGETED_DEVICE_FAMILY = "1,2";
				TEST_TARGET_NAME = LittleLemonDinnerApp;
			};
			name = Debug;
		};
		134128BA2A49F03D00A3477B /* Release */ = {
			isa = XCBuildConfiguration;
			buildSettings = {
				ALWAYS_EMBED_SWIFT_STANDARD_LIBRARIES = YES;
				CODE_SIGN_STYLE = Automatic;
				CURRENT_PROJECT_VERSION = 1;
				DEVELOPMENT_TEAM = MD39TSXA7X;
				GENERATE_INFOPLIST_FILE = YES;
				MARKETING_VERSION = 1.0;
				PRODUCT_BUNDLE_IDENTIFIER = com.jamaldeenOpasina.LittleLemonDinnerAppUITests;
				PRODUCT_NAME = "$(TARGET_NAME)";
				SWIFT_EMIT_LOC_STRINGS = NO;
				SWIFT_VERSION = 5.0;
				TARGETED_DEVICE_FAMILY = "1,2";
				TEST_TARGET_NAME = LittleLemonDinnerApp;
			};
			name = Release;
		};
/* End XCBuildConfiguration section */

/* Begin XCConfigurationList section */
		134128892A49F03A00A3477B /* Build configuration list for PBXProject "LittleLemonDinnerApp" */ = {
			isa = XCConfigurationList;
			buildConfigurations = (
				134128B02A49F03D00A3477B /* Debug */,
				134128B12A49F03D00A3477B /* Release */,
			);
			defaultConfigurationIsVisible = 0;
			defaultConfigurationName = Release;
		};
		134128B22A49F03D00A3477B /* Build configuration list for PBXNativeTarget "LittleLemonDinnerApp" */ = {
			isa = XCConfigurationList;
			buildConfigurations = (
				134128B32A49F03D00A3477B /* Debug */,
				134128B42A49F03D00A3477B /* Release */,
			);
			defaultConfigurationIsVisible = 0;
			defaultConfigurationName = Release;
		};
		134128B52A49F03D00A3477B /* Build configuration list for PBXNativeTarget "LittleLemonDinnerAppTests" */ = {
			isa = XCConfigurationList;
			buildConfigurations = (
				134128B62A49F03D00A3477B /* Debug */,
				134128B72A49F03D00A3477B /* Release */,
			);
			defaultConfigurationIsVisible = 0;
			defaultConfigurationName = Release;
		};
		134128B82A49F03D00A3477B /* Build configuration list for PBXNativeTarget "LittleLemonDinnerAppUITests" */ = {
			isa = XCConfigurationList;
			buildConfigurations = (
				134128B92A49F03D00A3477B /* Debug */,
				134128BA2A49F03D00A3477B /* Release */,
			);
			defaultConfigurationIsVisible = 0;
			defaultConfigurationName = Release;
		};
/* End XCConfigurationList section */
	};
	rootObject = 134128862A49F03A00A3477B /* Project object */;
}
